
Microsoft Visual Studio Solution File, Format Version 12.00
# Visual Studio Version 17
VisualStudioVersion = 17.9.34728.123
MinimumVisualStudioVersion = 10.0.40219.1
Project("{FAE04EC0-301F-11D3-BF4B-00C04F79EFBC}") = "PSO_Odev", "PSO_Odev\PSO_Odev.csproj", "{3AA3CDC3-B39E-4E52-A8EE-FCF2B71206A8}"
EndProject
Global
	GlobalSection(SolutionConfigurationPlatforms) = preSolution
		Debug|Any CPU = Debug|Any CPU
		Release|Any CPU = Release|Any CPU
	EndGlobalSection
	GlobalSection(ProjectConfigurationPlatforms) = postSolution
		{3AA3CDC3-B39E-4E52-A8EE-FCF2B71206A8}.Debug|Any CPU.ActiveCfg = Debug|Any CPU
		{3AA3CDC3-B39E-4E52-A8EE-FCF2B71206A8}.Debug|Any CPU.Build.0 = Debug|Any CPU
		{3AA3CDC3-B39E-4E52-A8EE-FCF2B71206A8}.Release|Any CPU.ActiveCfg = Release|Any CPU
		{3AA3CDC3-B39E-4E52-A8EE-FCF2B71206A8}.Release|Any CPU.Build.0 = Release|Any CPU
	EndGlobalSection
	GlobalSection(SolutionProperties) = preSolution
		HideSolutionNode = FALSE
	EndGlobalSection
	GlobalSection(ExtensibilityGlobals) = postSolution
		SolutionGuid = {215D95D7-8A2E-47AD-AF10-7131A9F2B7B8}
	EndGlobalSection
EndGlobal
